
Microsoft Visual Studio Solution File, Format Version 12.00
# Visual Studio Version 17
VisualStudioVersion = 17.14.37628.2
MinimumVisualStudioVersion = 10.0.40219.1
Project("{FAE04EC0-301F-11D3-BF4B-00C04F79EFBC}") = "Problem11", "Problem11\Problem11.csproj", "{A4E62E16-1FF1-FBCA-ECB9-B32D96B1FB3E}"
EndProject
Project("{FAE04EC0-301F-11D3-BF4B-00C04F79EFBC}") = "Problem18", "Problem12\Problem18.csproj", "{88EB864B-028B-411C-B557-E31C3B64F950}"
EndProject
Project("{FAE04EC0-301F-11D3-BF4B-00C04F79EFBC}") = "Problem0", "Problem0\Problem0.csproj", "{880BB859-2308-491F-982E-CF920621F9AD}"
EndProject
Project("{FAE04EC0-301F-11D3-BF4B-00C04F79EFBC}") = "Problem6", "Problem6\Problem6.csproj", "{D1322B71-6BF2-4A3D-9115-BF4BE36F542A}"
EndProject
Project("{FAE04EC0-301F-11D3-BF4B-00C04F79EFBC}") = "Problem5", "Problem5\Problem5.csproj", "{C53C2180-BB36-4FA3-9482-38E2AD4A0562}"
EndProject
Project("{FAE04EC0-301F-11D3-BF4B-00C04F79EFBC}") = "Problem1", "Problem1\Problem1.csproj", "{A42FFD1A-6381-4FC0-BA34-BE40895A9087}"
EndProject
Project("{FAE04EC0-301F-11D3-BF4B-00C04F79EFBC}") = "Problem2", "Problem2\Problem2.csproj", "{57F7982E-086B-459B-BC20-BD9855A19003}"
EndProject
Project("{FAE04EC0-301F-11D3-BF4B-00C04F79EFBC}") = "Problem3", "Problem3\Problem3.csproj", "{FB4515B8-B24C-41F6-BF34-2BA8AE5EA6B5}"
EndProject
Project("{FAE04EC0-301F-11D3-BF4B-00C04F79EFBC}") = "Problem4", "Problem4\Problem4.csproj", "{FB4E21E1-F7A5-4920-994B-4C2987923971}"
EndProject
Project("{FAE04EC0-301F-11D3-BF4B-00C04F79EFBC}") = "Problem7", "Problem7\Problem7.csproj", "{0B96F911-FE36-4951-B22F-8647CBE49101}"
EndProject
Project("{FAE04EC0-301F-11D3-BF4B-00C04F79EFBC}") = "Problem8", "Problem8\Problem8.csproj", "{B648FCBB-657D-48DA-8705-8D49C53B6E32}"
EndProject
Global
	GlobalSection(SolutionConfigurationPlatforms) = preSolution
		Debug|Any CPU = Debug|Any CPU
		Release|Any CPU = Release|Any CPU
	EndGlobalSection
	GlobalSection(ProjectConfigurationPlatforms) = postSolution
		{A4E62E16-1FF1-FBCA-ECB9-B32D96B1FB3E}.Debug|Any CPU.ActiveCfg = Debug|Any CPU
		{A4E62E16-1FF1-FBCA-ECB9-B32D96B1FB3E}.Debug|Any CPU.Build.0 = Debug|Any CPU
		{A4E62E16-1FF1-FBCA-ECB9-B32D96B1FB3E}.Release|Any CPU.ActiveCfg = Release|Any CPU
		{A4E62E16-1FF1-FBCA-ECB9-B32D96B1FB3E}.Release|Any CPU.Build.0 = Release|Any CPU
		{88EB864B-028B-411C-B557-E31C3B64F950}.Debug|Any CPU.ActiveCfg = Debug|Any CPU
		{88EB864B-028B-411C-B557-E31C3B64F950}.Debug|Any CPU.Build.0 = Debug|Any CPU
		{88EB864B-028B-411C-B557-E31C3B64F950}.Release|Any CPU.ActiveCfg = Release|Any CPU
		{88EB864B-028B-411C-B557-E31C3B64F950}.Release|Any CPU.Build.0 = Release|Any CPU
		{880BB859-2308-491F-982E-CF920621F9AD}.Debug|Any CPU.ActiveCfg = Debug|Any CPU
		{880BB859-2308-491F-982E-CF920621F9AD}.Debug|Any CPU.Build.0 = Debug|Any CPU
		{880BB859-2308-491F-982E-CF920621F9AD}.Release|Any CPU.ActiveCfg = Release|Any CPU
		{880BB859-2308-491F-982E-CF920621F9AD}.Release|Any CPU.Build.0 = Release|Any CPU
		{D1322B71-6BF2-4A3D-9115-BF4BE36F542A}.Debug|Any CPU.ActiveCfg = Debug|Any CPU
		{D1322B71-6BF2-4A3D-9115-BF4BE36F542A}.Debug|Any CPU.Build.0 = Debug|Any CPU
		{D1322B71-6BF2-4A3D-9115-BF4BE36F542A}.Release|Any CPU.ActiveCfg = Release|Any CPU
		{D1322B71-6BF2-4A3D-9115-BF4BE36F542A}.Release|Any CPU.Build.0 = Release|Any CPU
		{C53C2180-BB36-4FA3-9482-38E2AD4A0562}.Debug|Any CPU.ActiveCfg = Debug|Any CPU
		{C53C2180-BB36-4FA3-9482-38E2AD4A0562}.Debug|Any CPU.Build.0 = Debug|Any CPU
		{C53C2180-BB36-4FA3-9482-38E2AD4A0562}.Release|Any CPU.ActiveCfg = Release|Any CPU
		{C53C2180-BB36-4FA3-9482-38E2AD4A0562}.Release|Any CPU.Build.0 = Release|Any CPU
		{A42FFD1A-6381-4FC0-BA34-BE40895A9087}.Debug|Any CPU.ActiveCfg = Debug|Any CPU
		{A42FFD1A-6381-4FC0-BA34-BE40895A9087}.Debug|Any CPU.Build.0 = Debug|Any CPU
		{A42FFD1A-6381-4FC0-BA34-BE40895A9087}.Release|Any CPU.ActiveCfg = Release|Any CPU
		{A42FFD1A-6381-4FC0-BA34-BE40895A9087}.Release|Any CPU.Build.0 = Release|Any CPU
		{57F7982E-086B-459B-BC20-BD9855A19003}.Debug|Any CPU.ActiveCfg = Debug|Any CPU
		{57F7982E-086B-459B-BC20-BD9855A19003}.Debug|Any CPU.Build.0 = Debug|Any CPU
		{57F7982E-086B-459B-BC20-BD9855A19003}.Release|Any CPU.ActiveCfg = Release|Any CPU
		{57F7982E-086B-459B-BC20-BD9855A19003}.Release|Any CPU.Build.0 = Release|Any CPU
		{FB4515B8-B24C-41F6-BF34-2BA8AE5EA6B5}.Debug|Any CPU.ActiveCfg = Debug|Any CPU
		{FB4515B8-B24C-41F6-BF34-2BA8AE5EA6B5}.Debug|Any CPU.Build.0 = Debug|Any CPU
		{FB4515B8-B24C-41F6-BF34-2BA8AE5EA6B5}.Release|Any CPU.ActiveCfg = Release|Any CPU
		{FB4515B8-B24C-41F6-BF34-2BA8AE5EA6B5}.Release|Any CPU.Build.0 = Release|Any CPU
		{FB4E21E1-F7A5-4920-994B-4C2987923971}.Debug|Any CPU.ActiveCfg = Debug|Any CPU
		{FB4E21E1-F7A5-4920-994B-4C2987923971}.Debug|Any CPU.Build.0 = Debug|Any CPU
		{FB4E21E1-F7A5-4920-994B-4C2987923971}.Release|Any CPU.ActiveCfg = Release|Any CPU
		{FB4E21E1-F7A5-4920-994B-4C2987923971}.Release|Any CPU.Build.0 = Release|Any CPU
		{0B96F911-FE36-4951-B22F-8647CBE49101}.Debug|Any CPU.ActiveCfg = Debug|Any CPU
		{0B96F911-FE36-4951-B22F-8647CBE49101}.Debug|Any CPU.Build.0 = Debug|Any CPU
		{0B96F911-FE36-4951-B22F-8647CBE49101}.Release|Any CPU.ActiveCfg = Release|Any CPU
		{0B96F911-FE36-4951-B22F-8647CBE49101}.Release|Any CPU.Build.0 = Release|Any CPU
		{B648FCBB-657D-48DA-8705-8D49C53B6E32}.Debug|Any CPU.ActiveCfg = Debug|Any CPU
		{B648FCBB-657D-48DA-8705-8D49C53B6E32}.Debug|Any CPU.Build.0 = Debug|Any CPU
		{B648FCBB-657D-48DA-8705-8D49C53B6E32}.Release|Any CPU.ActiveCfg = Release|Any CPU
		{B648FCBB-657D-48DA-8705-8D49C53B6E32}.Release|Any CPU.Build.0 = Release|Any CPU
	EndGlobalSection
	GlobalSection(SolutionProperties) = preSolution
		HideSolutionNode = FALSE
	EndGlobalSection
	GlobalSection(ExtensibilityGlobals) = postSolution
		SolutionGuid = {57F198FF-D4D0-4728-A8A5-8591D6D21DB1}
	EndGlobalSection
EndGlobal
